
Microsoft Visual Studio Solution File, Format Version 12.00
# Visual Studio 2012
Project("{FAE04EC0-301F-11D3-BF4B-00C04F79EFBC}") = "SQL - Restoran Otomasyon", "SQL - Restoran Otomasyon\SQL - Restoran Otomasyon.csproj", "{CACB069A-628E-4614-A3A9-AABCC76F176B}"
EndProject
Global
	GlobalSection(SolutionConfigurationPlatforms) = preSolution
		Debug|Any CPU = Debug|Any CPU
		Release|Any CPU = Release|Any CPU
	EndGlobalSection
	GlobalSection(ProjectConfigurationPlatforms) = postSolution
		{CACB069A-628E-4614-A3A9-AABCC76F176B}.Debug|Any CPU.ActiveCfg = Debug|Any CPU
		{CACB069A-628E-4614-A3A9-AABCC76F176B}.Debug|Any CPU.Build.0 = Debug|Any CPU
		{CACB069A-628E-4614-A3A9-AABCC76F176B}.Release|Any CPU.ActiveCfg = Release|Any CPU
		{CACB069A-628E-4614-A3A9-AABCC76F176B}.Release|Any CPU.Build.0 = Release|Any CPU
	EndGlobalSection
	GlobalSection(SolutionProperties) = preSolution
		HideSolutionNode = FALSE
	EndGlobalSection
EndGlobal
